
Microsoft Visual Studio Solution File, Format Version 12.00
# Visual Studio 15
Project("{FAE04EC0-301F-11D3-BF4B-00C04F79EFBC}") = "Assembly-CSharp", "Assembly-CSharp.csproj", "{3954FCE2-4D4C-B3D1-9990-2DECBB76A211}"
EndProject
Project("{FAE04EC0-301F-11D3-BF4B-00C04F79EFBC}") = "PathCreator", "PathCreator.csproj", "{346844D8-BC26-2880-42A5-4DC53DE8FA07}"
EndProject
Project("{FAE04EC0-301F-11D3-BF4B-00C04F79EFBC}") = "PathCreatorEditor", "PathCreatorEditor.csproj", "{CF270E38-4EAA-FA88-5D12-8C881949B255}"
EndProject
Project("{FAE04EC0-301F-11D3-BF4B-00C04F79EFBC}") = "Assembly-CSharp-Editor", "Assembly-CSharp-Editor.csproj", "{5D179D92-D675-BF85-18BF-4E39CD8EFBEF}"
EndProject
Global
	GlobalSection(SolutionConfigurationPlatforms) = preSolution
		Debug|Any CPU = Debug|Any CPU
		Release|Any CPU = Release|Any CPU
	EndGlobalSection
	GlobalSection(ProjectConfigurationPlatforms) = postSolution
		{3954FCE2-4D4C-B3D1-9990-2DECBB76A211}.Debug|Any CPU.ActiveCfg = Debug|Any CPU
		{3954FCE2-4D4C-B3D1-9990-2DECBB76A211}.Debug|Any CPU.Build.0 = Debug|Any CPU
		{3954FCE2-4D4C-B3D1-9990-2DECBB76A211}.Release|Any CPU.ActiveCfg = Release|Any CPU
		{3954FCE2-4D4C-B3D1-9990-2DECBB76A211}.Release|Any CPU.Build.0 = Release|Any CPU
		{346844D8-BC26-2880-42A5-4DC53DE8FA07}.Debug|Any CPU.ActiveCfg = Debug|Any CPU
		{346844D8-BC26-2880-42A5-4DC53DE8FA07}.Debug|Any CPU.Build.0 = Debug|Any CPU
		{346844D8-BC26-2880-42A5-4DC53DE8FA07}.Release|Any CPU.ActiveCfg = Release|Any CPU
		{346844D8-BC26-2880-42A5-4DC53DE8FA07}.Release|Any CPU.Build.0 = Release|Any CPU
		{CF270E38-4EAA-FA88-5D12-8C881949B255}.Debug|Any CPU.ActiveCfg = Debug|Any CPU
		{CF270E38-4EAA-FA88-5D12-8C881949B255}.Debug|Any CPU.Build.0 = Debug|Any CPU
		{CF270E38-4EAA-FA88-5D12-8C881949B255}.Release|Any CPU.ActiveCfg = Release|Any CPU
		{CF270E38-4EAA-FA88-5D12-8C881949B255}.Release|Any CPU.Build.0 = Release|Any CPU
		{5D179D92-D675-BF85-18BF-4E39CD8EFBEF}.Debug|Any CPU.ActiveCfg = Debug|Any CPU
		{5D179D92-D675-BF85-18BF-4E39CD8EFBEF}.Debug|Any CPU.Build.0 = Debug|Any CPU
		{5D179D92-D675-BF85-18BF-4E39CD8EFBEF}.Release|Any CPU.ActiveCfg = Release|Any CPU
		{5D179D92-D675-BF85-18BF-4E39CD8EFBEF}.Release|Any CPU.Build.0 = Release|Any CPU
	EndGlobalSection
	GlobalSection(SolutionProperties) = preSolution
		HideSolutionNode = FALSE
	EndGlobalSection
EndGlobal
